
Microsoft Visual Studio Solution File, Format Version 12.00
# Visual Studio Version 16
VisualStudioVersion = 16.0.28711.60
MinimumVisualStudioVersion = 10.0.40219.1
Project("{FAE04EC0-301F-11D3-BF4B-00C04F79EFBC}") = "request-response-size-netcore", "request-response-size-netcore\request-response-size-netcore.csproj", "{B82D8A72-B11E-4B1E-86A0-9DE2149A501C}"
EndProject
Global
	GlobalSection(SolutionConfigurationPlatforms) = preSolution
		Debug|Any CPU = Debug|Any CPU
		Release|Any CPU = Release|Any CPU
	EndGlobalSection
	GlobalSection(ProjectConfigurationPlatforms) = postSolution
		{B82D8A72-B11E-4B1E-86A0-9DE2149A501C}.Debug|Any CPU.ActiveCfg = Debug|Any CPU
		{B82D8A72-B11E-4B1E-86A0-9DE2149A501C}.Debug|Any CPU.Build.0 = Debug|Any CPU
		{B82D8A72-B11E-4B1E-86A0-9DE2149A501C}.Release|Any CPU.ActiveCfg = Release|Any CPU
		{B82D8A72-B11E-4B1E-86A0-9DE2149A501C}.Release|Any CPU.Build.0 = Release|Any CPU
	EndGlobalSection
	GlobalSection(SolutionProperties) = preSolution
		HideSolutionNode = FALSE
	EndGlobalSection
	GlobalSection(ExtensibilityGlobals) = postSolution
		SolutionGuid = {16ECC8BB-B14E-451B-A86F-9923FA98256F}
	EndGlobalSection
EndGlobal
